
Microsoft Visual Studio Solution File, Format Version 12.00
# Visual Studio Version 17
VisualStudioVersion = 17.8.34330.188
MinimumVisualStudioVersion = 10.0.40219.1
Project("{FAE04EC0-301F-11D3-BF4B-00C04F79EFBC}") = "PythagoreanTriplets", "PythagoreanTriplets\PythagoreanTriplets.csproj", "{E710067E-060A-4E8E-950A-5623889540DE}"
EndProject
Global
	GlobalSection(SolutionConfigurationPlatforms) = preSolution
		Debug|Any CPU = Debug|Any CPU
		Release|Any CPU = Release|Any CPU
	EndGlobalSection
	GlobalSection(ProjectConfigurationPlatforms) = postSolution
		{E710067E-060A-4E8E-950A-5623889540DE}.Debug|Any CPU.ActiveCfg = Debug|Any CPU
		{E710067E-060A-4E8E-950A-5623889540DE}.Debug|Any CPU.Build.0 = Debug|Any CPU
		{E710067E-060A-4E8E-950A-5623889540DE}.Release|Any CPU.ActiveCfg = Release|Any CPU
		{E710067E-060A-4E8E-950A-5623889540DE}.Release|Any CPU.Build.0 = Release|Any CPU
	EndGlobalSection
	GlobalSection(SolutionProperties) = preSolution
		HideSolutionNode = FALSE
	EndGlobalSection
	GlobalSection(ExtensibilityGlobals) = postSolution
		SolutionGuid = {4A596DF1-39E7-491B-AFBB-D5B6C0DC51B9}
	EndGlobalSection
EndGlobal
