
Microsoft Visual Studio Solution File, Format Version 12.00
# Visual Studio Version 17
VisualStudioVersion = 17.8.34330.188
MinimumVisualStudioVersion = 10.0.40219.1
Project("{FAE04EC0-301F-11D3-BF4B-00C04F79EFBC}") = "Bob", "Bob\Bob.csproj", "{37A371F7-68C2-4595-A29C-5828244F880D}"
EndProject
Global
	GlobalSection(SolutionConfigurationPlatforms) = preSolution
		Debug|Any CPU = Debug|Any CPU
		Release|Any CPU = Release|Any CPU
	EndGlobalSection
	GlobalSection(ProjectConfigurationPlatforms) = postSolution
		{37A371F7-68C2-4595-A29C-5828244F880D}.Debug|Any CPU.ActiveCfg = Debug|Any CPU
		{37A371F7-68C2-4595-A29C-5828244F880D}.Debug|Any CPU.Build.0 = Debug|Any CPU
		{37A371F7-68C2-4595-A29C-5828244F880D}.Release|Any CPU.ActiveCfg = Release|Any CPU
		{37A371F7-68C2-4595-A29C-5828244F880D}.Release|Any CPU.Build.0 = Release|Any CPU
	EndGlobalSection
	GlobalSection(SolutionProperties) = preSolution
		HideSolutionNode = FALSE
	EndGlobalSection
	GlobalSection(ExtensibilityGlobals) = postSolution
		SolutionGuid = {72763F3B-B145-48B9-BAA8-5F1ACD3A8CE2}
	EndGlobalSection
EndGlobal
