
Microsoft Visual Studio Solution File, Format Version 12.00
# Visual Studio Version 17
VisualStudioVersion = 17.8.34330.188
MinimumVisualStudioVersion = 10.0.40219.1
Project("{FAE04EC0-301F-11D3-BF4B-00C04F79EFBC}") = "GigaSecond", "GigaSecond\GigaSecond.csproj", "{EB4E4748-8769-4758-8181-D73B4BC61E51}"
EndProject
Global
	GlobalSection(SolutionConfigurationPlatforms) = preSolution
		Debug|Any CPU = Debug|Any CPU
		Release|Any CPU = Release|Any CPU
	EndGlobalSection
	GlobalSection(ProjectConfigurationPlatforms) = postSolution
		{EB4E4748-8769-4758-8181-D73B4BC61E51}.Debug|Any CPU.ActiveCfg = Debug|Any CPU
		{EB4E4748-8769-4758-8181-D73B4BC61E51}.Debug|Any CPU.Build.0 = Debug|Any CPU
		{EB4E4748-8769-4758-8181-D73B4BC61E51}.Release|Any CPU.ActiveCfg = Release|Any CPU
		{EB4E4748-8769-4758-8181-D73B4BC61E51}.Release|Any CPU.Build.0 = Release|Any CPU
	EndGlobalSection
	GlobalSection(SolutionProperties) = preSolution
		HideSolutionNode = FALSE
	EndGlobalSection
	GlobalSection(ExtensibilityGlobals) = postSolution
		SolutionGuid = {E8658B90-E38F-4279-9766-0B4F717CD669}
	EndGlobalSection
EndGlobal
