
Microsoft Visual Studio Solution File, Format Version 12.00
# Visual Studio Version 17
VisualStudioVersion = 17.8.34330.188
MinimumVisualStudioVersion = 10.0.40219.1
Project("{FAE04EC0-301F-11D3-BF4B-00C04F79EFBC}") = "RunLengthEncoding", "RunLengthEncoding\RunLengthEncoding.csproj", "{96594C01-2D82-4755-AB55-4D32AABC5443}"
EndProject
Global
	GlobalSection(SolutionConfigurationPlatforms) = preSolution
		Debug|Any CPU = Debug|Any CPU
		Release|Any CPU = Release|Any CPU
	EndGlobalSection
	GlobalSection(ProjectConfigurationPlatforms) = postSolution
		{96594C01-2D82-4755-AB55-4D32AABC5443}.Debug|Any CPU.ActiveCfg = Debug|Any CPU
		{96594C01-2D82-4755-AB55-4D32AABC5443}.Debug|Any CPU.Build.0 = Debug|Any CPU
		{96594C01-2D82-4755-AB55-4D32AABC5443}.Release|Any CPU.ActiveCfg = Release|Any CPU
		{96594C01-2D82-4755-AB55-4D32AABC5443}.Release|Any CPU.Build.0 = Release|Any CPU
	EndGlobalSection
	GlobalSection(SolutionProperties) = preSolution
		HideSolutionNode = FALSE
	EndGlobalSection
	GlobalSection(ExtensibilityGlobals) = postSolution
		SolutionGuid = {2435D9DD-38E8-48CB-8600-53C479CB0F31}
	EndGlobalSection
EndGlobal
