
Microsoft Visual Studio Solution File, Format Version 12.00
# Visual Studio Version 17
VisualStudioVersion = 17.8.34330.188
MinimumVisualStudioVersion = 10.0.40219.1
Project("{FAE04EC0-301F-11D3-BF4B-00C04F79EFBC}") = "Triangle", "Triangle\Triangle.csproj", "{23B2FFC3-F9CC-4B5B-942A-8E7195B1F868}"
EndProject
Global
	GlobalSection(SolutionConfigurationPlatforms) = preSolution
		Debug|Any CPU = Debug|Any CPU
		Release|Any CPU = Release|Any CPU
	EndGlobalSection
	GlobalSection(ProjectConfigurationPlatforms) = postSolution
		{23B2FFC3-F9CC-4B5B-942A-8E7195B1F868}.Debug|Any CPU.ActiveCfg = Debug|Any CPU
		{23B2FFC3-F9CC-4B5B-942A-8E7195B1F868}.Debug|Any CPU.Build.0 = Debug|Any CPU
		{23B2FFC3-F9CC-4B5B-942A-8E7195B1F868}.Release|Any CPU.ActiveCfg = Release|Any CPU
		{23B2FFC3-F9CC-4B5B-942A-8E7195B1F868}.Release|Any CPU.Build.0 = Release|Any CPU
	EndGlobalSection
	GlobalSection(SolutionProperties) = preSolution
		HideSolutionNode = FALSE
	EndGlobalSection
	GlobalSection(ExtensibilityGlobals) = postSolution
		SolutionGuid = {CF12C527-298E-4279-B39E-A4EF9FE25340}
	EndGlobalSection
EndGlobal
