
Microsoft Visual Studio Solution File, Format Version 12.00
# Visual Studio Version 17
VisualStudioVersion = 17.8.34330.188
MinimumVisualStudioVersion = 10.0.40219.1
Project("{FAE04EC0-301F-11D3-BF4B-00C04F79EFBC}") = "Acronym", "Acronym\Acronym.csproj", "{E73203FC-F44D-447E-8891-C3156D08E931}"
EndProject
Global
	GlobalSection(SolutionConfigurationPlatforms) = preSolution
		Debug|Any CPU = Debug|Any CPU
		Release|Any CPU = Release|Any CPU
	EndGlobalSection
	GlobalSection(ProjectConfigurationPlatforms) = postSolution
		{E73203FC-F44D-447E-8891-C3156D08E931}.Debug|Any CPU.ActiveCfg = Debug|Any CPU
		{E73203FC-F44D-447E-8891-C3156D08E931}.Debug|Any CPU.Build.0 = Debug|Any CPU
		{E73203FC-F44D-447E-8891-C3156D08E931}.Release|Any CPU.ActiveCfg = Release|Any CPU
		{E73203FC-F44D-447E-8891-C3156D08E931}.Release|Any CPU.Build.0 = Release|Any CPU
	EndGlobalSection
	GlobalSection(SolutionProperties) = preSolution
		HideSolutionNode = FALSE
	EndGlobalSection
	GlobalSection(ExtensibilityGlobals) = postSolution
		SolutionGuid = {35B1BC49-82B7-46B3-87D6-4E6B28F7AD8F}
	EndGlobalSection
EndGlobal
