
Microsoft Visual Studio Solution File, Format Version 12.00
# Visual Studio Version 17
VisualStudioVersion = 17.8.34330.188
MinimumVisualStudioVersion = 10.0.40219.1
Project("{FAE04EC0-301F-11D3-BF4B-00C04F79EFBC}") = "LeapYear", "LeapYear\LeapYear.csproj", "{C91D12DC-21D4-46FF-A9DA-91B8F059E422}"
EndProject
Global
	GlobalSection(SolutionConfigurationPlatforms) = preSolution
		Debug|Any CPU = Debug|Any CPU
		Release|Any CPU = Release|Any CPU
	EndGlobalSection
	GlobalSection(ProjectConfigurationPlatforms) = postSolution
		{C91D12DC-21D4-46FF-A9DA-91B8F059E422}.Debug|Any CPU.ActiveCfg = Debug|Any CPU
		{C91D12DC-21D4-46FF-A9DA-91B8F059E422}.Debug|Any CPU.Build.0 = Debug|Any CPU
		{C91D12DC-21D4-46FF-A9DA-91B8F059E422}.Release|Any CPU.ActiveCfg = Release|Any CPU
		{C91D12DC-21D4-46FF-A9DA-91B8F059E422}.Release|Any CPU.Build.0 = Release|Any CPU
	EndGlobalSection
	GlobalSection(SolutionProperties) = preSolution
		HideSolutionNode = FALSE
	EndGlobalSection
	GlobalSection(ExtensibilityGlobals) = postSolution
		SolutionGuid = {3D8680CA-5009-4F33-B933-9F20D60D0F7C}
	EndGlobalSection
EndGlobal
