
Microsoft Visual Studio Solution File, Format Version 12.00
# Visual Studio Version 17
VisualStudioVersion = 17.8.34330.188
MinimumVisualStudioVersion = 10.0.40219.1
Project("{FAE04EC0-301F-11D3-BF4B-00C04F79EFBC}") = "BookStore", "BookStore\BookStore.csproj", "{D45AC35A-DFA1-4E54-BB0B-407F10C15FAE}"
EndProject
Global
	GlobalSection(SolutionConfigurationPlatforms) = preSolution
		Debug|Any CPU = Debug|Any CPU
		Release|Any CPU = Release|Any CPU
	EndGlobalSection
	GlobalSection(ProjectConfigurationPlatforms) = postSolution
		{D45AC35A-DFA1-4E54-BB0B-407F10C15FAE}.Debug|Any CPU.ActiveCfg = Debug|Any CPU
		{D45AC35A-DFA1-4E54-BB0B-407F10C15FAE}.Debug|Any CPU.Build.0 = Debug|Any CPU
		{D45AC35A-DFA1-4E54-BB0B-407F10C15FAE}.Release|Any CPU.ActiveCfg = Release|Any CPU
		{D45AC35A-DFA1-4E54-BB0B-407F10C15FAE}.Release|Any CPU.Build.0 = Release|Any CPU
	EndGlobalSection
	GlobalSection(SolutionProperties) = preSolution
		HideSolutionNode = FALSE
	EndGlobalSection
	GlobalSection(ExtensibilityGlobals) = postSolution
		SolutionGuid = {EFFECD4A-FD06-41F2-B862-D6706C243EBC}
	EndGlobalSection
EndGlobal
