
Microsoft Visual Studio Solution File, Format Version 12.00
# Visual Studio Version 17
VisualStudioVersion = 17.8.34330.188
MinimumVisualStudioVersion = 10.0.40219.1
Project("{FAE04EC0-301F-11D3-BF4B-00C04F79EFBC}") = "Darts", "Darts\Darts.csproj", "{1A28D13D-2671-4A39-B6A9-43CDA2611012}"
EndProject
Global
	GlobalSection(SolutionConfigurationPlatforms) = preSolution
		Debug|Any CPU = Debug|Any CPU
		Release|Any CPU = Release|Any CPU
	EndGlobalSection
	GlobalSection(ProjectConfigurationPlatforms) = postSolution
		{1A28D13D-2671-4A39-B6A9-43CDA2611012}.Debug|Any CPU.ActiveCfg = Debug|Any CPU
		{1A28D13D-2671-4A39-B6A9-43CDA2611012}.Debug|Any CPU.Build.0 = Debug|Any CPU
		{1A28D13D-2671-4A39-B6A9-43CDA2611012}.Release|Any CPU.ActiveCfg = Release|Any CPU
		{1A28D13D-2671-4A39-B6A9-43CDA2611012}.Release|Any CPU.Build.0 = Release|Any CPU
	EndGlobalSection
	GlobalSection(SolutionProperties) = preSolution
		HideSolutionNode = FALSE
	EndGlobalSection
	GlobalSection(ExtensibilityGlobals) = postSolution
		SolutionGuid = {5A54D19B-2E8F-4A73-B727-56943E6FB8BA}
	EndGlobalSection
EndGlobal
